
Microsoft Visual Studio Solution File, Format Version 12.00
# Visual Studio Version 17
VisualStudioVersion = 17.9.34728.123
MinimumVisualStudioVersion = 10.0.40219.1
Project("{FAE04EC0-301F-11D3-BF4B-00C04F79EFBC}") = "practica 10", "practica 10.csproj", "{AF10EE1D-AB4C-4CCA-A0AD-E61BEC8EBAB9}"
EndProject
Global
	GlobalSection(SolutionConfigurationPlatforms) = preSolution
		Debug|Any CPU = Debug|Any CPU
		Release|Any CPU = Release|Any CPU
	EndGlobalSection
	GlobalSection(ProjectConfigurationPlatforms) = postSolution
		{AF10EE1D-AB4C-4CCA-A0AD-E61BEC8EBAB9}.Debug|Any CPU.ActiveCfg = Debug|Any CPU
		{AF10EE1D-AB4C-4CCA-A0AD-E61BEC8EBAB9}.Debug|Any CPU.Build.0 = Debug|Any CPU
		{AF10EE1D-AB4C-4CCA-A0AD-E61BEC8EBAB9}.Release|Any CPU.ActiveCfg = Release|Any CPU
		{AF10EE1D-AB4C-4CCA-A0AD-E61BEC8EBAB9}.Release|Any CPU.Build.0 = Release|Any CPU
	EndGlobalSection
	GlobalSection(SolutionProperties) = preSolution
		HideSolutionNode = FALSE
	EndGlobalSection
	GlobalSection(ExtensibilityGlobals) = postSolution
		SolutionGuid = {F3C59903-431E-44ED-997D-184457D03753}
	EndGlobalSection
EndGlobal
